annotated-doc==0.0.4
annotated-types==0.7.0
anthropic==0.96.0
anyio==4.12.1
certifi==2026.4.22
charset-normalizer==3.4.7
click==8.1.8
distro==1.9.0
docstring_parser==0.18.0
exceptiongroup==1.3.1
fastapi==0.128.8
greenlet==3.2.5
h11==0.16.0
html2text==2025.4.15
httpcore==1.0.9
httptools==0.7.1
httpx==0.28.1
idna==3.13
jiter==0.14.0
lark-oapi==1.5.5
lxml==6.1.0
numpy==2.3.5
playwright==1.58.0
pycryptodome==3.23.0
pydantic==2.13.3
pydantic-settings==2.11.0
pydantic_core==2.46.3
pyee==13.0.1
PyMuPDF==1.26.5
python-docx==1.2.0
python-dotenv==1.2.1
PyYAML==6.0.3
requests==2.32.5
requests-toolbelt==1.0.0
sniffio==1.3.1
starlette==0.49.3
typing-inspection==0.4.2
typing_extensions==4.15.0
urllib3==2.6.3
uvicorn==0.39.0
uvloop==0.22.1
watchfiles==1.1.1
websockets==15.0.1
